// !$*UTF8*$!
{
	archiveVersion = 1;
	classes = {
	};
	objectVersion = 46;
	objects = {

/* Begin PBXBuildFile section */
		11D659D31F4706C3002AA335 /* AppDelegate.swift in Sources */ = {isa = PBXBuildFile; fileRef = 11D659D21F4706C3002AA335 /* AppDelegate.swift */; };
		11D659D51F4706C3002AA335 /* ViewController.swift in Sources */ = {isa = PBXBuildFile; fileRef = 11D659D41F4706C3002AA335 /* ViewController.swift */; };
		11D659D81F4706C3002AA335 /* Main.storyboard in Resources */ = {isa = PBXBuildFile; fileRef = 11D659D61F4706C3002AA335 /* Main.storyboard */; };
		11D659DA1F4706C3002AA335 /* Assets.xcassets in Resources */ = {isa = PBXBuildFile; fileRef = 11D659D91F4706C3002AA335 /* Assets.xcassets */; };
		11D659DD1F4706C3002AA335 /* LaunchScreen.storyboard in Resources */ = {isa = PBXBuildFile; fileRef = 11D659DB1F4706C3002AA335 /* LaunchScreen.storyboard */; };
/* End PBXBuildFile section */

/* Begin PBXFileReference section */
		11D659CF1F4706C3002AA335 /* Is It Prime?.app */ = {isa = PBXFileReference; explicitFileType = wrapper.application; includeInIndex = 0; path = "Is It Prime?.app"; sourceTree = BUILT_PRODUCTS_DIR; };
		11D659D21F4706C3002AA335 /* AppDelegate.swift */ = {isa = PBXFileReference; lastKnownFileType = sourcecode.swift; path = AppDelegate.swift; sourceTree = "<group>"; };
		11D659D41F4706C3002AA335 /* ViewController.swift */ = {isa = PBXFileReference; lastKnownFileType = sourcecode.swift; path = ViewController.swift; sourceTree = "<group>"; };
		11D659D71F4706C3002AA335 /* Base */ = {isa = PBXFileReference; lastKnownFileType = file.storyboard; name = Base; path = Base.lproj/Main.storyboard; sourceTree = "<group>"; };
		11D659D91F4706C3002AA335 /* Assets.xcassets */ = {isa = PBXFileReference; lastKnownFileType = folder.assetcatalog; path = Assets.xcassets; sourceTree = "<group>"; };
		11D659DC1F4706C3002AA335 /* Base */ = {isa = PBXFileReference; lastKnownFileType = file.storyboard; name = Base; path = Base.lproj/LaunchScreen.storyboard; sourceTree = "<group>"; };
		11D659DE1F4706C3002AA335 /* Info.plist */ = {isa = PBXFileReference; lastKnownFileType = text.plist.xml; path = Info.plist; sourceTree = "<group>"; };
/* End PBXFileReference section */

/* Begin PBXFrameworksBuildPhase section */
		11D659CC1F4706C3002AA335 /* Frameworks */ = {
			isa = PBXFrameworksBuildPhase;
			buildActionMask = 2147483647;
			files = (
			);
			runOnlyForDeploymentPostprocessing = 0;
		};
/* End PBXFrameworksBuildPhase section */

/* Begin PBXGroup section */
		11D659C61F4706C2002AA335 = {
			isa = PBXGroup;
			children = (
				11D659D11F4706C3002AA335 /* Is It Prime? */,
				11D659D01F4706C3002AA335 /* Products */,
			);
			sourceTree = "<group>";
		};
		11D659D01F4706C3002AA335 /* Products */ = {
			isa = PBXGroup;
			children = (
				11D659CF1F4706C3002AA335 /* Is It Prime?.app */,
			);
			name = Products;
			sourceTree = "<group>";
		};
		11D659D11F4706C3002AA335 /* Is It Prime? */ = {
			isa = PBXGroup;
			children = (
				11D659D21F4706C3002AA335 /* AppDelegate.swift */,
				11D659D41F4706C3002AA335 /* ViewController.swift */,
				11D659D61F4706C3002AA335 /* Main.storyboard */,
				11D659D91F4706C3002AA335 /* Assets.xcassets */,
				11D659DB1F4706C3002AA335 /* LaunchScreen.storyboard */,
				11D659DE1F4706C3002AA335 /* Info.plist */,
			);
			path = "Is It Prime?";
			sourceTree = "<group>";
		};
/* End PBXGroup section */

/* Begin PBXNativeTarget section */
		11D659CE1F4706C3002AA335 /* Is It Prime? */ = {
			isa = PBXNativeTarget;
			buildConfigurationList = 11D659E11F4706C3002AA335 /* Build configuration list for PBXNativeTarget "Is It Prime?" */;
			buildPhases = (
				11D659CB1F4706C3002AA335 /* Sources */,
				11D659CC1F4706C3002AA335 /* Frameworks */,
				11D659CD1F4706C3002AA335 /* Resources */,
			);
			buildRules = (
			);
			dependencies = (
			);
			name = "Is It Prime?";
			productName = "Is It Prime?";
			productReference = 11D659CF1F4706C3002AA335 /* Is It Prime?.app */;
			productType = "com.apple.product-type.application";
		};
/* End PBXNativeTarget section */

/* Begin PBXProject section */
		11D659C71F4706C2002AA335 /* Project object */ = {
			isa = PBXProject;
			attributes = {
				LastSwiftUpdateCheck = 0830;
				LastUpgradeCheck = 0830;
				ORGANIZATIONNAME = SolIT;
				TargetAttributes = {
					11D659CE1F4706C3002AA335 = {
						CreatedOnToolsVersion = 8.3.3;
						DevelopmentTeam = 2HBEU7EA9M;
						ProvisioningStyle = Automatic;
					};
				};
			};
			buildConfigurationList = 11D659CA1F4706C2002AA335 /* Build configuration list for PBXProject "Is It Prime?" */;
			compatibilityVersion = "Xcode 3.2";
			developmentRegion = English;
			hasScannedForEncodings = 0;
			knownRegions = (
				en,
				Base,
			);
			mainGroup = 11D659C61F4706C2002AA335;
			productRefGroup = 11D659D01F4706C3002AA335 /* Products */;
			projectDirPath = "";
			projectRoot = "";
			targets = (
				11D659CE1F4706C3002AA335 /* Is It Prime? */,
			);
		};
/* End PBXProject section */

/* Begin PBXResourcesBuildPhase section */
		11D659CD1F4706C3002AA335 /* Resources */ = {
			isa = PBXResourcesBuildPhase;
			buildActionMask = 2147483647;
			files = (
				11D659DD1F4706C3002AA335 /* LaunchScreen.storyboard in Resources */,
				11D659DA1F4706C3002AA335 /* Assets.xcassets in Resources */,
				11D659D81F4706C3002AA335 /* Main.storyboard in Resources */,
			);
			runOnlyForDeploymentPostprocessing = 0;
		};
/* End PBXResourcesBuildPhase section */

/* Begin PBXSourcesBuildPhase section */
		11D659CB1F4706C3002AA335 /* Sources */ = {
			isa = PBXSourcesBuildPhase;
			buildActionMask = 2147483647;
			files = (
				11D659D51F4706C3002AA335 /* ViewController.swift in Sources */,
				11D659D31F4706C3002AA335 /* AppDelegate.swift in Sources */,
			);
			runOnlyForDeploymentPostprocessing = 0;
		};
/* End PBXSourcesBuildPhase section */

/* Begin PBXVariantGroup section */
		11D659D61F4706C3002AA335 /* Main.storyboard */ = {
			isa = PBXVariantGroup;
			children = (
				11D659D71F4706C3002AA335 /* Base */,
			);
			name = Main.storyboard;
			sourceTree = "<group>";
		};
		11D659DB1F4706C3002AA335 /* LaunchScreen.storyboard */ = {
			isa = PBXVariantGroup;
			children = (
				11D659DC1F4706C3002AA335 /* Base */,
			);
			name = LaunchScreen.storyboard;
			sourceTree = "<group>";
		};
/* End PBXVariantGroup section */

/* Begin XCBuildConfiguration section */
		11D659DF1F4706C3002AA335 /* Debug */ = {
			isa = XCBuildConfiguration;
			buildSettings = {
				ALWAYS_SEARCH_USER_PATHS = NO;
				CLANG_ANALYZER_NONNULL = YES;
				CLANG_ANALYZER_NUMBER_OBJECT_CONVERSION = YES_AGGRESSIVE;
				CLANG_CXX_LANGUAGE_STANDARD = "gnu++0x";
				CLANG_CXX_LIBRARY = "libc++";
				CLANG_ENABLE_MODULES = YES;
				CLANG_ENABLE_OBJC_ARC = YES;
				CLANG_WARN_BOOL_CONVERSION = YES;
				CLANG_WARN_CONSTANT_CONVERSION = YES;
				CLANG_WARN_DIRECT_OBJC_ISA_USAGE = YES_ERROR;
				CLANG_WARN_DOCUMENTATION_COMMENTS = YES;
				CLANG_WARN_EMPTY_BODY = YES;
				CLANG_WARN_ENUM_CONVERSION = YES;
				CLANG_WARN_INFINITE_RECURSION = YES;
				CLANG_WARN_INT_CONVERSION = YES;
				CLANG_WARN_OBJC_ROOT_CLASS = YES_ERROR;
				CLANG_WARN_SUSPICIOUS_MOVE = YES;
				CLANG_WARN_UNREACHABLE_CODE = YES;
				CLANG_WARN__DUPLICATE_METHOD_MATCH = YES;
				"CODE_SIGN_IDENTITY[sdk=iphoneos*]" = "iPhone Developer";
				COPY_PHASE_STRIP = NO;
				DEBUG_INFORMATION_FORMAT = dwarf;
				ENABLE_STRICT_OBJC_MSGSEND = YES;
				ENABLE_TESTABILITY = YES;
				GCC_C_LANGUAGE_STANDARD = gnu99;
				GCC_DYNAMIC_NO_PIC = NO;
				GCC_NO_COMMON_BLOCKS = YES;
				GCC_OPTIMIZATION_LEVEL = 0;
				GCC_PREPROCESSOR_DEFINITIONS = (
					"DEBUG=1",
					"$(inherited)",
				);
				GCC_WARN_64_TO_32_BIT_CONVERSION = YES;
				GCC_WARN_ABOUT_RETURN_TYPE = YES_ERROR;
				GCC_WARN_UNDECLARED_SELECTOR = YES;
				GCC_WARN_UNINITIALIZED_AUTOS = YES_AGGRESSIVE;
				GCC_WARN_UNUSED_FUNCTION = YES;
				GCC_WARN_UNUSED_VARIABLE = YES;
				IPHONEOS_DEPLOYMENT_TARGET = 10.3;
				MTL_ENABLE_DEBUG_INFO = YES;
				ONLY_ACTIVE_ARCH = YES;
				SDKROOT = iphoneos;
				SWIFT_ACTIVE_COMPILATION_CONDITIONS = DEBUG;
				SWIFT_OPTIMIZATION_LEVEL = "-Onone";
			};
			name = Debug;
		};
		11D659E01F4706C3002AA335 /* Release */ = {
			isa = XCBuildConfiguration;
			buildSettings = {
				ALWAYS_SEARCH_USER_PATHS = NO;
				CLANG_ANALYZER_NONNULL = YES;
				CLANG_ANALYZER_NUMBER_OBJECT_CONVERSION = YES_AGGRESSIVE;
				CLANG_CXX_LANGUAGE_STANDARD = "gnu++0x";
				CLANG_CXX_LIBRARY = "libc++";
				CLANG_ENABLE_MODULES = YES;
				CLANG_ENABLE_OBJC_ARC = YES;
				CLANG_WARN_BOOL_CONVERSION = YES;
				CLANG_WARN_CONSTANT_CONVERSION = YES;
				CLANG_WARN_DIRECT_OBJC_ISA_USAGE = YES_ERROR;
				CLANG_WARN_DOCUMENTATION_COMMENTS = YES;
				CLANG_WARN_EMPTY_BODY = YES;
				CLANG_WARN_ENUM_CONVERSION = YES;
				CLANG_WARN_INFINITE_RECURSION = YES;
				CLANG_WARN_INT_CONVERSION = YES;
				CLANG_WARN_OBJC_ROOT_CLASS = YES_ERROR;
				CLANG_WARN_SUSPICIOUS_MOVE = YES;
				CLANG_WARN_UNREACHABLE_CODE = YES;
				CLANG_WARN__DUPLICATE_METHOD_MATCH = YES;
				"CODE_SIGN_IDENTITY[sdk=iphoneos*]" = "iPhone Developer";
				COPY_PHASE_STRIP = NO;
				DEBUG_INFORMATION_FORMAT = "dwarf-with-dsym";
				ENABLE_NS_ASSERTIONS = NO;
				ENABLE_STRICT_OBJC_MSGSEND = YES;
				GCC_C_LANGUAGE_STANDARD = gnu99;
				GCC_NO_COMMON_BLOCKS = YES;
				GCC_WARN_64_TO_32_BIT_CONVERSION = YES;
				GCC_WARN_ABOUT_RETURN_TYPE = YES_ERROR;
				GCC_WARN_UNDECLARED_SELECTOR = YES;
				GCC_WARN_UNINITIALIZED_AUTOS = YES_AGGRESSIVE;
				GCC_WARN_UNUSED_FUNCTION = YES;
				GCC_WARN_UNUSED_VARIABLE = YES;
				IPHONEOS_DEPLOYMENT_TARGET = 10.3;
				MTL_ENABLE_DEBUG_INFO = NO;
				SDKROOT = iphoneos;
				SWIFT_OPTIMIZATION_LEVEL = "-Owholemodule";
				VALIDATE_PRODUCT = YES;
			};
			name = Release;
		};
		11D659E21F4706C3002AA335 /* Debug */ = {
			isa = XCBuildConfiguration;
			buildSettings = {
				ASSETCATALOG_COMPILER_APPICON_NAME = AppIcon;
				DEVELOPMENT_TEAM = 2HBEU7EA9M;
				INFOPLIST_FILE = "Is It Prime?/Info.plist";
				LD_RUNPATH_SEARCH_PATHS = "$(inherited) @executable_path/Frameworks";
				PRODUCT_BUNDLE_IDENTIFIER = "com.SolIT.Is-It-Prime-";
				PRODUCT_NAME = "$(TARGET_NAME)";
				SWIFT_VERSION = 3.0;
			};
			name = Debug;
		};
		11D659E31F4706C3002AA335 /* Release */ = {
			isa = XCBuildConfiguration;
			buildSettings = {
				ASSETCATALOG_COMPILER_APPICON_NAME = AppIcon;
				DEVELOPMENT_TEAM = 2HBEU7EA9M;
				INFOPLIST_FILE = "Is It Prime?/Info.plist";
				LD_RUNPATH_SEARCH_PATHS = "$(inherited) @executable_path/Frameworks";
				PRODUCT_BUNDLE_IDENTIFIER = "com.SolIT.Is-It-Prime-";
				PRODUCT_NAME = "$(TARGET_NAME)";
				SWIFT_VERSION = 3.0;
			};
			name = Release;
		};
/* End XCBuildConfiguration section */

/* Begin XCConfigurationList section */
		11D659CA1F4706C2002AA335 /* Build configuration list for PBXProject "Is It Prime?" */ = {
			isa = XCConfigurationList;
			buildConfigurations = (
				11D659DF1F4706C3002AA335 /* Debug */,
				11D659E01F4706C3002AA335 /* Release */,
			);
			defaultConfigurationIsVisible = 0;
			defaultConfigurationName = Release;
		};
		11D659E11F4706C3002AA335 /* Build configuration list for PBXNativeTarget "Is It Prime?" */ = {
			isa = XCConfigurationList;
			buildConfigurations = (
				11D659E21F4706C3002AA335 /* Debug */,
				11D659E31F4706C3002AA335 /* Release */,
			);
			defaultConfigurationIsVisible = 0;
		};
/* End XCConfigurationList section */
	};
	rootObject = 11D659C71F4706C2002AA335 /* Project object */;
}
